
Microsoft Visual Studio Solution File, Format Version 12.00
# Visual Studio Version 17
VisualStudioVersion = 17.12.35521.163
MinimumVisualStudioVersion = 10.0.40219.1
Project("{FAE04EC0-301F-11D3-BF4B-00C04F79EFBC}") = "Day01", "Day01\Day01.csproj", "{A0CDC49D-6CB1-4D3F-BD10-0A5E4A82E66E}"
EndProject
Project("{2150E333-8FDC-42A3-9474-1A3956D46DE8}") = "Solution Items", "Solution Items", "{4CACFAB7-A773-4AAD-A71E-4539006948AF}"
	ProjectSection(SolutionItems) = preProject
		.copilot = .copilot
	EndProjectSection
EndProject
Project("{FAE04EC0-301F-11D3-BF4B-00C04F79EFBC}") = "Day02", "Day02\Day02.csproj", "{0ADF783C-B13C-4DCC-9783-91D6E13C21DF}"
EndProject
Project("{FAE04EC0-301F-11D3-BF4B-00C04F79EFBC}") = "AoC.Tests", "AoC.Tests\AoC.Tests.csproj", "{083DBCE9-89D8-419E-8DB6-06F8CEFC7709}"
EndProject
Project("{FAE04EC0-301F-11D3-BF4B-00C04F79EFBC}") = "Day03", "Day03\Day03.csproj", "{C49DC078-148E-449C-9F8F-E4D33F6C5CF2}"
EndProject
Project("{FAE04EC0-301F-11D3-BF4B-00C04F79EFBC}") = "Day04", "Day04\Day04.csproj", "{20CA7D39-93BB-4B22-BC92-EFC7E8144A32}"
EndProject
Global
	GlobalSection(SolutionConfigurationPlatforms) = preSolution
		Debug|Any CPU = Debug|Any CPU
		Release|Any CPU = Release|Any CPU
	EndGlobalSection
	GlobalSection(ProjectConfigurationPlatforms) = postSolution
		{A0CDC49D-6CB1-4D3F-BD10-0A5E4A82E66E}.Debug|Any CPU.ActiveCfg = Debug|Any CPU
		{A0CDC49D-6CB1-4D3F-BD10-0A5E4A82E66E}.Debug|Any CPU.Build.0 = Debug|Any CPU
		{A0CDC49D-6CB1-4D3F-BD10-0A5E4A82E66E}.Release|Any CPU.ActiveCfg = Release|Any CPU
		{A0CDC49D-6CB1-4D3F-BD10-0A5E4A82E66E}.Release|Any CPU.Build.0 = Release|Any CPU
		{0ADF783C-B13C-4DCC-9783-91D6E13C21DF}.Debug|Any CPU.ActiveCfg = Debug|Any CPU
		{0ADF783C-B13C-4DCC-9783-91D6E13C21DF}.Debug|Any CPU.Build.0 = Debug|Any CPU
		{0ADF783C-B13C-4DCC-9783-91D6E13C21DF}.Release|Any CPU.ActiveCfg = Release|Any CPU
		{0ADF783C-B13C-4DCC-9783-91D6E13C21DF}.Release|Any CPU.Build.0 = Release|Any CPU
		{083DBCE9-89D8-419E-8DB6-06F8CEFC7709}.Debug|Any CPU.ActiveCfg = Debug|Any CPU
		{083DBCE9-89D8-419E-8DB6-06F8CEFC7709}.Debug|Any CPU.Build.0 = Debug|Any CPU
		{083DBCE9-89D8-419E-8DB6-06F8CEFC7709}.Release|Any CPU.ActiveCfg = Release|Any CPU
		{083DBCE9-89D8-419E-8DB6-06F8CEFC7709}.Release|Any CPU.Build.0 = Release|Any CPU
		{C49DC078-148E-449C-9F8F-E4D33F6C5CF2}.Debug|Any CPU.ActiveCfg = Debug|Any CPU
		{C49DC078-148E-449C-9F8F-E4D33F6C5CF2}.Debug|Any CPU.Build.0 = Debug|Any CPU
		{C49DC078-148E-449C-9F8F-E4D33F6C5CF2}.Release|Any CPU.ActiveCfg = Release|Any CPU
		{C49DC078-148E-449C-9F8F-E4D33F6C5CF2}.Release|Any CPU.Build.0 = Release|Any CPU
		{20CA7D39-93BB-4B22-BC92-EFC7E8144A32}.Debug|Any CPU.ActiveCfg = Debug|Any CPU
		{20CA7D39-93BB-4B22-BC92-EFC7E8144A32}.Debug|Any CPU.Build.0 = Debug|Any CPU
		{20CA7D39-93BB-4B22-BC92-EFC7E8144A32}.Release|Any CPU.ActiveCfg = Release|Any CPU
		{20CA7D39-93BB-4B22-BC92-EFC7E8144A32}.Release|Any CPU.Build.0 = Release|Any CPU
	EndGlobalSection
	GlobalSection(SolutionProperties) = preSolution
		HideSolutionNode = FALSE
	EndGlobalSection
EndGlobal
